// !$*UTF8*$!
{
	archiveVersion = 1;
	classes = {
	};
	objectVersion = 77;
	objects = {

/* Begin PBXBuildFile section */
		1F2B6DFF2F00232D004402DE /* AuthenticationServices.framework in Frameworks */ = {isa = PBXBuildFile; fileRef = 1F2B6DFE2F00232D004402DE /* AuthenticationServices.framework */; };
		1F2B6E0A2F00232D004402DE /* TOTP Autofill.appex in Embed Foundation Extensions */ = {isa = PBXBuildFile; fileRef = 1F2B6DFD2F00232D004402DE /* TOTP Autofill.appex */; settings = {ATTRIBUTES = (RemoveHeadersOnCopy, ); }; };
		1F9FFEA02D77757700D81249 /* WidgetKit.framework in Frameworks */ = {isa = PBXBuildFile; fileRef = 1F9FFE9F2D77757700D81249 /* WidgetKit.framework */; };
		1F9FFEA22D77757700D81249 /* SwiftUI.framework in Frameworks */ = {isa = PBXBuildFile; fileRef = 1F9FFEA12D77757700D81249 /* SwiftUI.framework */; };
		1F9FFEB32D77757800D81249 /* TOTP WidgetExtension.appex in Embed Foundation Extensions */ = {isa = PBXBuildFile; fileRef = 1F9FFE9D2D77757700D81249 /* TOTP WidgetExtension.appex */; settings = {ATTRIBUTES = (RemoveHeadersOnCopy, ); }; };
/* End PBXBuildFile section */

/* Begin PBXContainerItemProxy section */
		1F2B6E082F00232D004402DE /* PBXContainerItemProxy */ = {
			isa = PBXContainerItemProxy;
			containerPortal = 1F9FFE4D2D77729500D81249 /* Project object */;
			proxyType = 1;
			remoteGlobalIDString = 1F2B6DFC2F00232D004402DE;
			remoteInfo = "TOTP Autofill";
		};
		1F9FFE672D77729700D81249 /* PBXContainerItemProxy */ = {
			isa = PBXContainerItemProxy;
			containerPortal = 1F9FFE4D2D77729500D81249 /* Project object */;
			proxyType = 1;
			remoteGlobalIDString = 1F9FFE542D77729500D81249;
			remoteInfo = TOTP;
		};
		1F9FFE712D77729700D81249 /* PBXContainerItemProxy */ = {
			isa = PBXContainerItemProxy;
			containerPortal = 1F9FFE4D2D77729500D81249 /* Project object */;
			proxyType = 1;
			remoteGlobalIDString = 1F9FFE542D77729500D81249;
			remoteInfo = TOTP;
		};
		1F9FFEB12D77757800D81249 /* PBXContainerItemProxy */ = {
			isa = PBXContainerItemProxy;
			containerPortal = 1F9FFE4D2D77729500D81249 /* Project object */;
			proxyType = 1;
			remoteGlobalIDString = 1F9FFE9C2D77757700D81249;
			remoteInfo = "TOTP WidgetExtension";
		};
/* End PBXContainerItemProxy section */

/* Begin PBXCopyFilesBuildPhase section */
		1F9FFEB82D77757800D81249 /* Embed Foundation Extensions */ = {
			isa = PBXCopyFilesBuildPhase;
			buildActionMask = 2147483647;
			dstPath = "";
			dstSubfolderSpec = 13;
			files = (
				1F2B6E0A2F00232D004402DE /* TOTP Autofill.appex in Embed Foundation Extensions */,
				1F9FFEB32D77757800D81249 /* TOTP WidgetExtension.appex in Embed Foundation Extensions */,
			);
			name = "Embed Foundation Extensions";
			runOnlyForDeploymentPostprocessing = 0;
		};
/* End PBXCopyFilesBuildPhase section */

/* Begin PBXFileReference section */
		1F2B6DF02EFF56F9004402DE /* TOTP WidgetExtension.entitlements */ = {isa = PBXFileReference; lastKnownFileType = text.plist.entitlements; path = "TOTP WidgetExtension.entitlements"; sourceTree = "<group>"; };
		1F2B6DFD2F00232D004402DE /* TOTP Autofill.appex */ = {isa = PBXFileReference; explicitFileType = "wrapper.app-extension"; includeInIndex = 0; path = "TOTP Autofill.appex"; sourceTree = BUILT_PRODUCTS_DIR; };
		1F2B6DFE2F00232D004402DE /* AuthenticationServices.framework */ = {isa = PBXFileReference; lastKnownFileType = wrapper.framework; name = AuthenticationServices.framework; path = System/Library/Frameworks/AuthenticationServices.framework; sourceTree = SDKROOT; };
		1F9FFE552D77729500D81249 /* TOTP.app */ = {isa = PBXFileReference; explicitFileType = wrapper.application; includeInIndex = 0; path = TOTP.app; sourceTree = BUILT_PRODUCTS_DIR; };
		1F9FFE662D77729700D81249 /* TOTPTests.xctest */ = {isa = PBXFileReference; explicitFileType = wrapper.cfbundle; includeInIndex = 0; path = TOTPTests.xctest; sourceTree = BUILT_PRODUCTS_DIR; };
		1F9FFE702D77729700D81249 /* TOTPUITests.xctest */ = {isa = PBXFileReference; explicitFileType = wrapper.cfbundle; includeInIndex = 0; path = TOTPUITests.xctest; sourceTree = BUILT_PRODUCTS_DIR; };
		1F9FFE9D2D77757700D81249 /* TOTP WidgetExtension.appex */ = {isa = PBXFileReference; explicitFileType = "wrapper.app-extension"; includeInIndex = 0; path = "TOTP WidgetExtension.appex"; sourceTree = BUILT_PRODUCTS_DIR; };
		1F9FFE9F2D77757700D81249 /* WidgetKit.framework */ = {isa = PBXFileReference; lastKnownFileType = wrapper.framework; name = WidgetKit.framework; path = System/Library/Frameworks/WidgetKit.framework; sourceTree = SDKROOT; };
		1F9FFEA12D77757700D81249 /* SwiftUI.framework */ = {isa = PBXFileReference; lastKnownFileType = wrapper.framework; name = SwiftUI.framework; path = System/Library/Frameworks/SwiftUI.framework; sourceTree = SDKROOT; };
/* End PBXFileReference section */

/* Begin PBXFileSystemSynchronizedBuildFileExceptionSet section */
		1F2B6DF82F000FA7004402DE /* Exceptions for "TOTP" folder in "TOTP" target */ = {
			isa = PBXFileSystemSynchronizedBuildFileExceptionSet;
			membershipExceptions = (
				Info.plist,
			);
			target = 1F9FFE542D77729500D81249 /* TOTP */;
		};
		1F2B6E0E2F00232D004402DE /* Exceptions for "TOTP Autofill" folder in "TOTP Autofill" target */ = {
			isa = PBXFileSystemSynchronizedBuildFileExceptionSet;
			membershipExceptions = (
				Info.plist,
			);
			target = 1F2B6DFC2F00232D004402DE /* TOTP Autofill */;
		};
		1F9FFEB42D77757800D81249 /* Exceptions for "TOTP Widget" folder in "TOTP WidgetExtension" target */ = {
			isa = PBXFileSystemSynchronizedBuildFileExceptionSet;
			membershipExceptions = (
				Info.plist,
			);
			target = 1F9FFE9C2D77757700D81249 /* TOTP WidgetExtension */;
		};
/* End PBXFileSystemSynchronizedBuildFileExceptionSet section */

/* Begin PBXFileSystemSynchronizedRootGroup section */
		1F2B6E002F00232D004402DE /* TOTP Autofill */ = {
			isa = PBXFileSystemSynchronizedRootGroup;
			exceptions = (
				1F2B6E0E2F00232D004402DE /* Exceptions for "TOTP Autofill" folder in "TOTP Autofill" target */,
			);
			path = "TOTP Autofill";
			sourceTree = "<group>";
		};
		1F9FFE572D77729500D81249 /* TOTP */ = {
			isa = PBXFileSystemSynchronizedRootGroup;
			exceptions = (
				1F2B6DF82F000FA7004402DE /* Exceptions for "TOTP" folder in "TOTP" target */,
			);
			path = TOTP;
			sourceTree = "<group>";
		};
		1F9FFE692D77729700D81249 /* TOTPTests */ = {
			isa = PBXFileSystemSynchronizedRootGroup;
			path = TOTPTests;
			sourceTree = "<group>";
		};
		1F9FFE732D77729700D81249 /* TOTPUITests */ = {
			isa = PBXFileSystemSynchronizedRootGroup;
			path = TOTPUITests;
			sourceTree = "<group>";
		};
		1F9FFEA32D77757700D81249 /* TOTP Widget */ = {
			isa = PBXFileSystemSynchronizedRootGroup;
			exceptions = (
				1F9FFEB42D77757800D81249 /* Exceptions for "TOTP Widget" folder in "TOTP WidgetExtension" target */,
			);
			path = "TOTP Widget";
			sourceTree = "<group>";
		};
		AA0000012F80000000000001 /* Shared */ = {
			isa = PBXFileSystemSynchronizedRootGroup;
			path = Shared;
			sourceTree = "<group>";
		};
		AA0000022F80000000000001 /* SharedIntents */ = {
			isa = PBXFileSystemSynchronizedRootGroup;
			path = SharedIntents;
			sourceTree = "<group>";
		};
/* End PBXFileSystemSynchronizedRootGroup section */

/* Begin PBXFrameworksBuildPhase section */
		1F2B6DFA2F00232D004402DE /* Frameworks */ = {
			isa = PBXFrameworksBuildPhase;
			buildActionMask = 2147483647;
			files = (
				1F2B6DFF2F00232D004402DE /* AuthenticationServices.framework in Frameworks */,
			);
			runOnlyForDeploymentPostprocessing = 0;
		};
		1F9FFE522D77729500D81249 /* Frameworks */ = {
			isa = PBXFrameworksBuildPhase;
			buildActionMask = 2147483647;
			files = (
			);
			runOnlyForDeploymentPostprocessing = 0;
		};
		1F9FFE632D77729700D81249 /* Frameworks */ = {
			isa = PBXFrameworksBuildPhase;
			buildActionMask = 2147483647;
			files = (
			);
			runOnlyForDeploymentPostprocessing = 0;
		};
		1F9FFE6D2D77729700D81249 /* Frameworks */ = {
			isa = PBXFrameworksBuildPhase;
			buildActionMask = 2147483647;
			files = (
			);
			runOnlyForDeploymentPostprocessing = 0;
		};
		1F9FFE9A2D77757700D81249 /* Frameworks */ = {
			isa = PBXFrameworksBuildPhase;
			buildActionMask = 2147483647;
			files = (
				1F9FFEA22D77757700D81249 /* SwiftUI.framework in Frameworks */,
				1F9FFEA02D77757700D81249 /* WidgetKit.framework in Frameworks */,
			);
			runOnlyForDeploymentPostprocessing = 0;
		};
/* End PBXFrameworksBuildPhase section */

/* Begin PBXGroup section */
		1F9FFE4C2D77729500D81249 = {
			isa = PBXGroup;
			children = (
				1F2B6DF02EFF56F9004402DE /* TOTP WidgetExtension.entitlements */,
				1F9FFE572D77729500D81249 /* TOTP */,
				AA0000012F80000000000001 /* Shared */,
				AA0000022F80000000000001 /* SharedIntents */,
				1F9FFE692D77729700D81249 /* TOTPTests */,
				1F9FFE732D77729700D81249 /* TOTPUITests */,
				1F9FFEA32D77757700D81249 /* TOTP Widget */,
				1F2B6E002F00232D004402DE /* TOTP Autofill */,
				1F9FFE9E2D77757700D81249 /* Frameworks */,
				1F9FFE562D77729500D81249 /* Products */,
			);
			sourceTree = "<group>";
		};
		1F9FFE562D77729500D81249 /* Products */ = {
			isa = PBXGroup;
			children = (
				1F9FFE552D77729500D81249 /* TOTP.app */,
				1F9FFE662D77729700D81249 /* TOTPTests.xctest */,
				1F9FFE702D77729700D81249 /* TOTPUITests.xctest */,
				1F9FFE9D2D77757700D81249 /* TOTP WidgetExtension.appex */,
				1F2B6DFD2F00232D004402DE /* TOTP Autofill.appex */,
			);
			name = Products;
			sourceTree = "<group>";
		};
		1F9FFE9E2D77757700D81249 /* Frameworks */ = {
			isa = PBXGroup;
			children = (
				1F9FFE9F2D77757700D81249 /* WidgetKit.framework */,
				1F9FFEA12D77757700D81249 /* SwiftUI.framework */,
				1F2B6DFE2F00232D004402DE /* AuthenticationServices.framework */,
			);
			name = Frameworks;
			sourceTree = "<group>";
		};
/* End PBXGroup section */

/* Begin PBXNativeTarget section */
		1F2B6DFC2F00232D004402DE /* TOTP Autofill */ = {
			isa = PBXNativeTarget;
			buildConfigurationList = 1F2B6E0B2F00232D004402DE /* Build configuration list for PBXNativeTarget "TOTP Autofill" */;
			buildPhases = (
				1F2B6DF92F00232D004402DE /* Sources */,
				1F2B6DFA2F00232D004402DE /* Frameworks */,
				1F2B6DFB2F00232D004402DE /* Resources */,
			);
			buildRules = (
			);
			dependencies = (
			);
			fileSystemSynchronizedGroups = (
				1F2B6E002F00232D004402DE /* TOTP Autofill */,
				AA0000012F80000000000001 /* Shared */,
			);
			name = "TOTP Autofill";
			packageProductDependencies = (
			);
			productName = "TOTP Autofill";
			productReference = 1F2B6DFD2F00232D004402DE /* TOTP Autofill.appex */;
			productType = "com.apple.product-type.app-extension";
		};
		1F9FFE542D77729500D81249 /* TOTP */ = {
			isa = PBXNativeTarget;
			buildConfigurationList = 1F9FFE7A2D77729700D81249 /* Build configuration list for PBXNativeTarget "TOTP" */;
			buildPhases = (
				1F9FFE512D77729500D81249 /* Sources */,
				1F9FFE522D77729500D81249 /* Frameworks */,
				1F9FFE532D77729500D81249 /* Resources */,
				1F9FFEB82D77757800D81249 /* Embed Foundation Extensions */,
			);
			buildRules = (
			);
			dependencies = (
				1F9FFEB22D77757800D81249 /* PBXTargetDependency */,
				1F2B6E092F00232D004402DE /* PBXTargetDependency */,
			);
			fileSystemSynchronizedGroups = (
				1F9FFE572D77729500D81249 /* TOTP */,
				AA0000012F80000000000001 /* Shared */,
				AA0000022F80000000000001 /* SharedIntents */,
			);
			name = TOTP;
			packageProductDependencies = (
			);
			productName = TOTP;
			productReference = 1F9FFE552D77729500D81249 /* TOTP.app */;
			productType = "com.apple.product-type.application";
		};
		1F9FFE652D77729700D81249 /* TOTPTests */ = {
			isa = PBXNativeTarget;
			buildConfigurationList = 1F9FFE7D2D77729700D81249 /* Build configuration list for PBXNativeTarget "TOTPTests" */;
			buildPhases = (
				1F9FFE622D77729700D81249 /* Sources */,
				1F9FFE632D77729700D81249 /* Frameworks */,
				1F9FFE642D77729700D81249 /* Resources */,
			);
			buildRules = (
			);
			dependencies = (
				1F9FFE682D77729700D81249 /* PBXTargetDependency */,
			);
			fileSystemSynchronizedGroups = (
				1F9FFE692D77729700D81249 /* TOTPTests */,
			);
			name = TOTPTests;
			packageProductDependencies = (
			);
			productName = TOTPTests;
			productReference = 1F9FFE662D77729700D81249 /* TOTPTests.xctest */;
			productType = "com.apple.product-type.bundle.unit-test";
		};
		1F9FFE6F2D77729700D81249 /* TOTPUITests */ = {
			isa = PBXNativeTarget;
			buildConfigurationList = 1F9FFE802D77729700D81249 /* Build configuration list for PBXNativeTarget "TOTPUITests" */;
			buildPhases = (
				1F9FFE6C2D77729700D81249 /* Sources */,
				1F9FFE6D2D77729700D81249 /* Frameworks */,
				1F9FFE6E2D77729700D81249 /* Resources */,
			);
			buildRules = (
			);
			dependencies = (
				1F9FFE722D77729700D81249 /* PBXTargetDependency */,
			);
			fileSystemSynchronizedGroups = (
				1F9FFE732D77729700D81249 /* TOTPUITests */,
			);
			name = TOTPUITests;
			packageProductDependencies = (
			);
			productName = TOTPUITests;
			productReference = 1F9FFE702D77729700D81249 /* TOTPUITests.xctest */;
			productType = "com.apple.product-type.bundle.ui-testing";
		};
		1F9FFE9C2D77757700D81249 /* TOTP WidgetExtension */ = {
			isa = PBXNativeTarget;
			buildConfigurationList = 1F9FFEB52D77757800D81249 /* Build configuration list for PBXNativeTarget "TOTP WidgetExtension" */;
			buildPhases = (
				1F9FFE992D77757700D81249 /* Sources */,
				1F9FFE9A2D77757700D81249 /* Frameworks */,
				1F9FFE9B2D77757700D81249 /* Resources */,
			);
			buildRules = (
			);
			dependencies = (
			);
			fileSystemSynchronizedGroups = (
				1F9FFEA32D77757700D81249 /* TOTP Widget */,
				AA0000012F80000000000001 /* Shared */,
				AA0000022F80000000000001 /* SharedIntents */,
			);
			name = "TOTP WidgetExtension";
			packageProductDependencies = (
			);
			productName = "TOTP WidgetExtension";
			productReference = 1F9FFE9D2D77757700D81249 /* TOTP WidgetExtension.appex */;
			productType = "com.apple.product-type.app-extension";
		};
/* End PBXNativeTarget section */

/* Begin PBXProject section */
		1F9FFE4D2D77729500D81249 /* Project object */ = {
			isa = PBXProject;
			attributes = {
				BuildIndependentTargetsInParallel = 1;
				LastSwiftUpdateCheck = 2620;
				LastUpgradeCheck = 2700;
				TargetAttributes = {
					1F2B6DFC2F00232D004402DE = {
						CreatedOnToolsVersion = 26.2;
					};
					1F9FFE542D77729500D81249 = {
						CreatedOnToolsVersion = 16.2;
					};
					1F9FFE652D77729700D81249 = {
						CreatedOnToolsVersion = 16.2;
						TestTargetID = 1F9FFE542D77729500D81249;
					};
					1F9FFE6F2D77729700D81249 = {
						CreatedOnToolsVersion = 16.2;
						TestTargetID = 1F9FFE542D77729500D81249;
					};
					1F9FFE9C2D77757700D81249 = {
						CreatedOnToolsVersion = 16.2;
					};
				};
			};
			buildConfigurationList = 1F9FFE502D77729500D81249 /* Build configuration list for PBXProject "TOTP" */;
			developmentRegion = en;
			hasScannedForEncodings = 0;
			knownRegions = (
				en,
				Base,
			);
			mainGroup = 1F9FFE4C2D77729500D81249;
			minimizedProjectReferenceProxies = 1;
			preferredProjectObjectVersion = 77;
			productRefGroup = 1F9FFE562D77729500D81249 /* Products */;
			projectDirPath = "";
			projectRoot = "";
			targets = (
				1F9FFE542D77729500D81249 /* TOTP */,
				1F9FFE652D77729700D81249 /* TOTPTests */,
				1F9FFE6F2D77729700D81249 /* TOTPUITests */,
				1F9FFE9C2D77757700D81249 /* TOTP WidgetExtension */,
				1F2B6DFC2F00232D004402DE /* TOTP Autofill */,
			);
		};
/* End PBXProject section */

/* Begin PBXResourcesBuildPhase section */
		1F2B6DFB2F00232D004402DE /* Resources */ = {
			isa = PBXResourcesBuildPhase;
			buildActionMask = 2147483647;
			files = (
			);
			runOnlyForDeploymentPostprocessing = 0;
		};
		1F9FFE532D77729500D81249 /* Resources */ = {
			isa = PBXResourcesBuildPhase;
			buildActionMask = 2147483647;
			files = (
			);
			runOnlyForDeploymentPostprocessing = 0;
		};
		1F9FFE642D77729700D81249 /* Resources */ = {
			isa = PBXResourcesBuildPhase;
			buildActionMask = 2147483647;
			files = (
			);
			runOnlyForDeploymentPostprocessing = 0;
		};
		1F9FFE6E2D77729700D81249 /* Resources */ = {
			isa = PBXResourcesBuildPhase;
			buildActionMask = 2147483647;
			files = (
			);
			runOnlyForDeploymentPostprocessing = 0;
		};
		1F9FFE9B2D77757700D81249 /* Resources */ = {
			isa = PBXResourcesBuildPhase;
			buildActionMask = 2147483647;
			files = (
			);
			runOnlyForDeploymentPostprocessing = 0;
		};
/* End PBXResourcesBuildPhase section */

/* Begin PBXSourcesBuildPhase section */
		1F2B6DF92F00232D004402DE /* Sources */ = {
			isa = PBXSourcesBuildPhase;
			buildActionMask = 2147483647;
			files = (
			);
			runOnlyForDeploymentPostprocessing = 0;
		};
		1F9FFE512D77729500D81249 /* Sources */ = {
			isa = PBXSourcesBuildPhase;
			buildActionMask = 2147483647;
			files = (
			);
			runOnlyForDeploymentPostprocessing = 0;
		};
		1F9FFE622D77729700D81249 /* Sources */ = {
			isa = PBXSourcesBuildPhase;
			buildActionMask = 2147483647;
			files = (
			);
			runOnlyForDeploymentPostprocessing = 0;
		};
		1F9FFE6C2D77729700D81249 /* Sources */ = {
			isa = PBXSourcesBuildPhase;
			buildActionMask = 2147483647;
			files = (
			);
			runOnlyForDeploymentPostprocessing = 0;
		};
		1F9FFE992D77757700D81249 /* Sources */ = {
			isa = PBXSourcesBuildPhase;
			buildActionMask = 2147483647;
			files = (
			);
			runOnlyForDeploymentPostprocessing = 0;
		};
/* End PBXSourcesBuildPhase section */

/* Begin PBXTargetDependency section */
		1F2B6E092F00232D004402DE /* PBXTargetDependency */ = {
			isa = PBXTargetDependency;
			target = 1F2B6DFC2F00232D004402DE /* TOTP Autofill */;
			targetProxy = 1F2B6E082F00232D004402DE /* PBXContainerItemProxy */;
		};
		1F9FFE682D77729700D81249 /* PBXTargetDependency */ = {
			isa = PBXTargetDependency;
			target = 1F9FFE542D77729500D81249 /* TOTP */;
			targetProxy = 1F9FFE672D77729700D81249 /* PBXContainerItemProxy */;
		};
		1F9FFE722D77729700D81249 /* PBXTargetDependency */ = {
			isa = PBXTargetDependency;
			target = 1F9FFE542D77729500D81249 /* TOTP */;
			targetProxy = 1F9FFE712D77729700D81249 /* PBXContainerItemProxy */;
		};
		1F9FFEB22D77757800D81249 /* PBXTargetDependency */ = {
			isa = PBXTargetDependency;
			target = 1F9FFE9C2D77757700D81249 /* TOTP WidgetExtension */;
			targetProxy = 1F9FFEB12D77757800D81249 /* PBXContainerItemProxy */;
		};
/* End PBXTargetDependency section */

/* Begin XCBuildConfiguration section */
		1F2B6E0C2F00232D004402DE /* Debug */ = {
			isa = XCBuildConfiguration;
			buildSettings = {
				CODE_SIGN_ENTITLEMENTS = "TOTP Autofill/TOTP_Autofill.entitlements";
				CODE_SIGN_STYLE = Automatic;
				CURRENT_PROJECT_VERSION = 8;
				ENABLE_APP_SANDBOX = YES;
				GENERATE_INFOPLIST_FILE = YES;
				INFOPLIST_FILE = "TOTP Autofill/Info.plist";
				INFOPLIST_KEY_CFBundleDisplayName = "TOTP Autofill";
				INFOPLIST_KEY_NSHumanReadableCopyright = "";
				IPHONEOS_DEPLOYMENT_TARGET = 27.0;
				LD_RUNPATH_SEARCH_PATHS = (
					"$(inherited)",
					"@executable_path/Frameworks",
					"@executable_path/../../Frameworks",
				);
				"LD_RUNPATH_SEARCH_PATHS[sdk=macosx*]" = (
					"$(inherited)",
					"@executable_path/../Frameworks",
					"@executable_path/../../../../Frameworks",
				);
				MACOSX_DEPLOYMENT_TARGET = 27.0;
				MARKETING_VERSION = 4.2;
				PRODUCT_BUNDLE_IDENTIFIER = "com.lucferbux.TOTP.TOTP-Autofill";
				PRODUCT_NAME = "$(TARGET_NAME)";
				REGISTER_APP_GROUPS = YES;
				SDKROOT = auto;
				SKIP_INSTALL = YES;
				STRING_CATALOG_GENERATE_SYMBOLS = YES;
				SUPPORTED_PLATFORMS = "iphoneos iphonesimulator macosx";
				SWIFT_APPROACHABLE_CONCURRENCY = YES;
				SWIFT_EMIT_LOC_STRINGS = YES;
				SWIFT_UPCOMING_FEATURE_MEMBER_IMPORT_VISIBILITY = YES;
				SWIFT_VERSION = 5.0;
				TARGETED_DEVICE_FAMILY = "1,2";
			};
			name = Debug;
		};
		1F2B6E0D2F00232D004402DE /* Release */ = {
			isa = XCBuildConfiguration;
			buildSettings = {
				CODE_SIGN_ENTITLEMENTS = "TOTP Autofill/TOTP_Autofill.entitlements";
				CODE_SIGN_STYLE = Automatic;
				CURRENT_PROJECT_VERSION = 8;
				ENABLE_APP_SANDBOX = YES;
				GENERATE_INFOPLIST_FILE = YES;
				INFOPLIST_FILE = "TOTP Autofill/Info.plist";
				INFOPLIST_KEY_CFBundleDisplayName = "TOTP Autofill";
				INFOPLIST_KEY_NSHumanReadableCopyright = "";
				IPHONEOS_DEPLOYMENT_TARGET = 27.0;
				LD_RUNPATH_SEARCH_PATHS = (
					"$(inherited)",
					"@executable_path/Frameworks",
					"@executable_path/../../Frameworks",
				);
				"LD_RUNPATH_SEARCH_PATHS[sdk=macosx*]" = (
					"$(inherited)",
					"@executable_path/../Frameworks",
					"@executable_path/../../../../Frameworks",
				);
				MACOSX_DEPLOYMENT_TARGET = 27.0;
				MARKETING_VERSION = 4.2;
				PRODUCT_BUNDLE_IDENTIFIER = "com.lucferbux.TOTP.TOTP-Autofill";
				PRODUCT_NAME = "$(TARGET_NAME)";
				REGISTER_APP_GROUPS = YES;
				SDKROOT = auto;
				SKIP_INSTALL = YES;
				STRING_CATALOG_GENERATE_SYMBOLS = YES;
				SUPPORTED_PLATFORMS = "iphoneos iphonesimulator macosx";
				SWIFT_APPROACHABLE_CONCURRENCY = YES;
				SWIFT_EMIT_LOC_STRINGS = YES;
				SWIFT_UPCOMING_FEATURE_MEMBER_IMPORT_VISIBILITY = YES;
				SWIFT_VERSION = 5.0;
				TARGETED_DEVICE_FAMILY = "1,2";
				VALIDATE_PRODUCT = YES;
			};
			name = Release;
		};
		1F9FFE782D77729700D81249 /* Debug */ = {
			isa = XCBuildConfiguration;
			buildSettings = {
				ALWAYS_SEARCH_USER_PATHS = NO;
				ASSETCATALOG_COMPILER_GENERATE_SWIFT_ASSET_SYMBOL_EXTENSIONS = YES;
				CLANG_ANALYZER_NONNULL = YES;
				CLANG_ANALYZER_NUMBER_OBJECT_CONVERSION = YES_AGGRESSIVE;
				CLANG_CXX_LANGUAGE_STANDARD = "gnu++20";
				CLANG_ENABLE_MODULES = YES;
				CLANG_ENABLE_OBJC_ARC = YES;
				CLANG_ENABLE_OBJC_WEAK = YES;
				CLANG_WARN_BLOCK_CAPTURE_AUTORELEASING = YES;
				CLANG_WARN_BOOL_CONVERSION = YES;
				CLANG_WARN_COMMA = YES;
				CLANG_WARN_CONSTANT_CONVERSION = YES;
				CLANG_WARN_DEPRECATED_OBJC_IMPLEMENTATIONS = YES;
				CLANG_WARN_DIRECT_OBJC_ISA_USAGE = YES_ERROR;
				CLANG_WARN_DOCUMENTATION_COMMENTS = YES;
				CLANG_WARN_EMPTY_BODY = YES;
				CLANG_WARN_ENUM_CONVERSION = YES;
				CLANG_WARN_INFINITE_RECURSION = YES;
				CLANG_WARN_INT_CONVERSION = YES;
				CLANG_WARN_NON_LITERAL_NULL_CONVERSION = YES;
				CLANG_WARN_OBJC_IMPLICIT_RETAIN_SELF = YES;
				CLANG_WARN_OBJC_LITERAL_CONVERSION = YES;
				CLANG_WARN_OBJC_ROOT_CLASS = YES_ERROR;
				CLANG_WARN_QUOTED_INCLUDE_IN_FRAMEWORK_HEADER = YES;
				CLANG_WARN_RANGE_LOOP_ANALYSIS = YES;
				CLANG_WARN_STRICT_PROTOTYPES = YES;
				CLANG_WARN_SUSPICIOUS_MOVE = YES;
				CLANG_WARN_UNGUARDED_AVAILABILITY = YES_AGGRESSIVE;
				CLANG_WARN_UNREACHABLE_CODE = YES;
				CLANG_WARN__DUPLICATE_METHOD_MATCH = YES;
				COPY_PHASE_STRIP = NO;
				DEAD_CODE_STRIPPING = YES;
				DEBUG_INFORMATION_FORMAT = dwarf;
				DEVELOPMENT_TEAM = 7Y2Y846R76;
				ENABLE_STRICT_OBJC_MSGSEND = YES;
				ENABLE_TESTABILITY = YES;
				ENABLE_USER_SCRIPT_SANDBOXING = YES;
				GCC_C_LANGUAGE_STANDARD = gnu17;
				GCC_DYNAMIC_NO_PIC = NO;
				GCC_NO_COMMON_BLOCKS = YES;
				GCC_OPTIMIZATION_LEVEL = 0;
				GCC_PREPROCESSOR_DEFINITIONS = (
					"DEBUG=1",
					"$(inherited)",
				);
				GCC_WARN_64_TO_32_BIT_CONVERSION = YES;
				GCC_WARN_ABOUT_RETURN_TYPE = YES_ERROR;
				GCC_WARN_UNDECLARED_SELECTOR = YES;
				GCC_WARN_UNINITIALIZED_AUTOS = YES_AGGRESSIVE;
				GCC_WARN_UNUSED_FUNCTION = YES;
				GCC_WARN_UNUSED_VARIABLE = YES;
				LOCALIZATION_PREFERS_STRING_CATALOGS = YES;
				MTL_ENABLE_DEBUG_INFO = INCLUDE_SOURCE;
				MTL_FAST_MATH = YES;
				ONLY_ACTIVE_ARCH = YES;
				STRING_CATALOG_GENERATE_SYMBOLS = YES;
				SWIFT_ACTIVE_COMPILATION_CONDITIONS = "DEBUG $(inherited)";
				SWIFT_OPTIMIZATION_LEVEL = "-Onone";
			};
			name = Debug;
		};
		1F9FFE792D77729700D81249 /* Release */ = {
			isa = XCBuildConfiguration;
			buildSettings = {
				ALWAYS_SEARCH_USER_PATHS = NO;
				ASSETCATALOG_COMPILER_GENERATE_SWIFT_ASSET_SYMBOL_EXTENSIONS = YES;
				CLANG_ANALYZER_NONNULL = YES;
				CLANG_ANALYZER_NUMBER_OBJECT_CONVERSION = YES_AGGRESSIVE;
				CLANG_CXX_LANGUAGE_STANDARD = "gnu++20";
				CLANG_ENABLE_MODULES = YES;
				CLANG_ENABLE_OBJC_ARC = YES;
				CLANG_ENABLE_OBJC_WEAK = YES;
				CLANG_WARN_BLOCK_CAPTURE_AUTORELEASING = YES;
				CLANG_WARN_BOOL_CONVERSION = YES;
				CLANG_WARN_COMMA = YES;
				CLANG_WARN_CONSTANT_CONVERSION = YES;
				CLANG_WARN_DEPRECATED_OBJC_IMPLEMENTATIONS = YES;
				CLANG_WARN_DIRECT_OBJC_ISA_USAGE = YES_ERROR;
				CLANG_WARN_DOCUMENTATION_COMMENTS = YES;
				CLANG_WARN_EMPTY_BODY = YES;
				CLANG_WARN_ENUM_CONVERSION = YES;
				CLANG_WARN_INFINITE_RECURSION = YES;
				CLANG_WARN_INT_CONVERSION = YES;
				CLANG_WARN_NON_LITERAL_NULL_CONVERSION = YES;
				CLANG_WARN_OBJC_IMPLICIT_RETAIN_SELF = YES;
				CLANG_WARN_OBJC_LITERAL_CONVERSION = YES;
				CLANG_WARN_OBJC_ROOT_CLASS = YES_ERROR;
				CLANG_WARN_QUOTED_INCLUDE_IN_FRAMEWORK_HEADER = YES;
				CLANG_WARN_RANGE_LOOP_ANALYSIS = YES;
				CLANG_WARN_STRICT_PROTOTYPES = YES;
				CLANG_WARN_SUSPICIOUS_MOVE = YES;
				CLANG_WARN_UNGUARDED_AVAILABILITY = YES_AGGRESSIVE;
				CLANG_WARN_UNREACHABLE_CODE = YES;
				CLANG_WARN__DUPLICATE_METHOD_MATCH = YES;
				COPY_PHASE_STRIP = NO;
				DEAD_CODE_STRIPPING = YES;
				DEBUG_INFORMATION_FORMAT = "dwarf-with-dsym";
				DEVELOPMENT_TEAM = 7Y2Y846R76;
				ENABLE_NS_ASSERTIONS = NO;
				ENABLE_STRICT_OBJC_MSGSEND = YES;
				ENABLE_USER_SCRIPT_SANDBOXING = YES;
				GCC_C_LANGUAGE_STANDARD = gnu17;
				GCC_NO_COMMON_BLOCKS = YES;
				GCC_WARN_64_TO_32_BIT_CONVERSION = YES;
				GCC_WARN_ABOUT_RETURN_TYPE = YES_ERROR;
				GCC_WARN_UNDECLARED_SELECTOR = YES;
				GCC_WARN_UNINITIALIZED_AUTOS = YES_AGGRESSIVE;
				GCC_WARN_UNUSED_FUNCTION = YES;
				GCC_WARN_UNUSED_VARIABLE = YES;
				LOCALIZATION_PREFERS_STRING_CATALOGS = YES;
				MTL_ENABLE_DEBUG_INFO = NO;
				MTL_FAST_MATH = YES;
				STRING_CATALOG_GENERATE_SYMBOLS = YES;
				SWIFT_COMPILATION_MODE = wholemodule;
			};
			name = Release;
		};
		1F9FFE7B2D77729700D81249 /* Debug */ = {
			isa = XCBuildConfiguration;
			buildSettings = {
				ASSETCATALOG_COMPILER_APPICON_NAME = AppIcon;
				ASSETCATALOG_COMPILER_GLOBAL_ACCENT_COLOR_NAME = AccentColor;
				CODE_SIGN_ENTITLEMENTS = TOTP/TOTP.entitlements;
				CODE_SIGN_STYLE = Automatic;
				CURRENT_PROJECT_VERSION = 8;
				DEAD_CODE_STRIPPING = YES;
				DEVELOPMENT_ASSET_PATHS = "\"TOTP/Preview Content\"";
				ENABLE_APP_SANDBOX = YES;
				ENABLE_HARDENED_RUNTIME = YES;
				ENABLE_OUTGOING_NETWORK_CONNECTIONS = YES;
				ENABLE_PREVIEWS = YES;
				ENABLE_USER_SELECTED_FILES = readonly;
				GENERATE_INFOPLIST_FILE = YES;
				INFOPLIST_FILE = TOTP/Info.plist;
				INFOPLIST_KEY_LSApplicationCategoryType = "public.app-category.utilities";
				INFOPLIST_KEY_NSCameraUsageDescription = "TOTP uses the camera to scan the QR code shown when you set up two-factor authentication.";
				INFOPLIST_KEY_NSFaceIDUsageDescription = "TOTP uses Face ID to unlock your authentication codes.";
				"INFOPLIST_KEY_UIApplicationSceneManifest_Generation[sdk=iphoneos*]" = YES;
				"INFOPLIST_KEY_UIApplicationSceneManifest_Generation[sdk=iphonesimulator*]" = YES;
				"INFOPLIST_KEY_UIApplicationSupportsIndirectInputEvents[sdk=iphoneos*]" = YES;
				"INFOPLIST_KEY_UIApplicationSupportsIndirectInputEvents[sdk=iphonesimulator*]" = YES;
				"INFOPLIST_KEY_UILaunchScreen_Generation[sdk=iphoneos*]" = YES;
				"INFOPLIST_KEY_UILaunchScreen_Generation[sdk=iphonesimulator*]" = YES;
				"INFOPLIST_KEY_UIStatusBarStyle[sdk=iphoneos*]" = UIStatusBarStyleDefault;
				"INFOPLIST_KEY_UIStatusBarStyle[sdk=iphonesimulator*]" = UIStatusBarStyleDefault;
				INFOPLIST_KEY_UISupportedInterfaceOrientations = "UIInterfaceOrientationLandscapeLeft UIInterfaceOrientationLandscapeRight UIInterfaceOrientationPortrait";
				INFOPLIST_KEY_UISupportedInterfaceOrientations_iPad = "UIInterfaceOrientationLandscapeLeft UIInterfaceOrientationLandscapeRight UIInterfaceOrientationPortrait UIInterfaceOrientationPortraitUpsideDown";
				IPHONEOS_DEPLOYMENT_TARGET = 27.0;
				LD_RUNPATH_SEARCH_PATHS = "@executable_path/Frameworks";
				"LD_RUNPATH_SEARCH_PATHS[sdk=macosx*]" = "@executable_path/../Frameworks";
				MACOSX_DEPLOYMENT_TARGET = 27.0;
				MARKETING_VERSION = 4.2;
				PRODUCT_BUNDLE_IDENTIFIER = com.lucferbux.TOTP;
				PRODUCT_NAME = "$(TARGET_NAME)";
				REGISTER_APP_GROUPS = YES;
				SDKROOT = auto;
				SUPPORTED_PLATFORMS = "iphoneos iphonesimulator macosx xros xrsimulator";
				SWIFT_EMIT_LOC_STRINGS = YES;
				SWIFT_VERSION = 5.0;
				TARGETED_DEVICE_FAMILY = "1,2,7";
				XROS_DEPLOYMENT_TARGET = 27.0;
			};
			name = Debug;
		};
		1F9FFE7C2D77729700D81249 /* Release */ = {
			isa = XCBuildConfiguration;
			buildSettings = {
				ASSETCATALOG_COMPILER_APPICON_NAME = AppIcon;
				ASSETCATALOG_COMPILER_GLOBAL_ACCENT_COLOR_NAME = AccentColor;
				CODE_SIGN_ENTITLEMENTS = TOTP/TOTP.entitlements;
				CODE_SIGN_STYLE = Automatic;
				CURRENT_PROJECT_VERSION = 8;
				DEAD_CODE_STRIPPING = YES;
				DEVELOPMENT_ASSET_PATHS = "\"TOTP/Preview Content\"";
				ENABLE_APP_SANDBOX = YES;
				ENABLE_HARDENED_RUNTIME = YES;
				ENABLE_OUTGOING_NETWORK_CONNECTIONS = YES;
				ENABLE_PREVIEWS = YES;
				ENABLE_USER_SELECTED_FILES = readonly;
				GENERATE_INFOPLIST_FILE = YES;
				INFOPLIST_FILE = TOTP/Info.plist;
				INFOPLIST_KEY_LSApplicationCategoryType = "public.app-category.utilities";
				INFOPLIST_KEY_NSCameraUsageDescription = "TOTP uses the camera to scan the QR code shown when you set up two-factor authentication.";
				INFOPLIST_KEY_NSFaceIDUsageDescription = "TOTP uses Face ID to unlock your authentication codes.";
				"INFOPLIST_KEY_UIApplicationSceneManifest_Generation[sdk=iphoneos*]" = YES;
				"INFOPLIST_KEY_UIApplicationSceneManifest_Generation[sdk=iphonesimulator*]" = YES;
				"INFOPLIST_KEY_UIApplicationSupportsIndirectInputEvents[sdk=iphoneos*]" = YES;
				"INFOPLIST_KEY_UIApplicationSupportsIndirectInputEvents[sdk=iphonesimulator*]" = YES;
				"INFOPLIST_KEY_UILaunchScreen_Generation[sdk=iphoneos*]" = YES;
				"INFOPLIST_KEY_UILaunchScreen_Generation[sdk=iphonesimulator*]" = YES;
				"INFOPLIST_KEY_UIStatusBarStyle[sdk=iphoneos*]" = UIStatusBarStyleDefault;
				"INFOPLIST_KEY_UIStatusBarStyle[sdk=iphonesimulator*]" = UIStatusBarStyleDefault;
				INFOPLIST_KEY_UISupportedInterfaceOrientations = "UIInterfaceOrientationLandscapeLeft UIInterfaceOrientationLandscapeRight UIInterfaceOrientationPortrait";
				INFOPLIST_KEY_UISupportedInterfaceOrientations_iPad = "UIInterfaceOrientationLandscapeLeft UIInterfaceOrientationLandscapeRight UIInterfaceOrientationPortrait UIInterfaceOrientationPortraitUpsideDown";
				IPHONEOS_DEPLOYMENT_TARGET = 27.0;
				LD_RUNPATH_SEARCH_PATHS = "@executable_path/Frameworks";
				"LD_RUNPATH_SEARCH_PATHS[sdk=macosx*]" = "@executable_path/../Frameworks";
				MACOSX_DEPLOYMENT_TARGET = 27.0;
				MARKETING_VERSION = 4.2;
				PRODUCT_BUNDLE_IDENTIFIER = com.lucferbux.TOTP;
				PRODUCT_NAME = "$(TARGET_NAME)";
				REGISTER_APP_GROUPS = YES;
				SDKROOT = auto;
				SUPPORTED_PLATFORMS = "iphoneos iphonesimulator macosx xros xrsimulator";
				SWIFT_EMIT_LOC_STRINGS = YES;
				SWIFT_VERSION = 5.0;
				TARGETED_DEVICE_FAMILY = "1,2,7";
				XROS_DEPLOYMENT_TARGET = 27.0;
			};
			name = Release;
		};
		1F9FFE7E2D77729700D81249 /* Debug */ = {
			isa = XCBuildConfiguration;
			buildSettings = {
				BUNDLE_LOADER = "$(TEST_HOST)";
				CODE_SIGN_STYLE = Automatic;
				CURRENT_PROJECT_VERSION = 1;
				DEAD_CODE_STRIPPING = YES;
				GENERATE_INFOPLIST_FILE = YES;
				IPHONEOS_DEPLOYMENT_TARGET = 27.0;
				MACOSX_DEPLOYMENT_TARGET = 27.0;
				MARKETING_VERSION = 1.0;
				PRODUCT_BUNDLE_IDENTIFIER = com.lucferbux.TOTPTests;
				PRODUCT_NAME = "$(TARGET_NAME)";
				SDKROOT = auto;
				SUPPORTED_PLATFORMS = "iphoneos iphonesimulator macosx xros xrsimulator";
				SWIFT_EMIT_LOC_STRINGS = NO;
				SWIFT_VERSION = 5.0;
				TARGETED_DEVICE_FAMILY = "1,2,7";
				TEST_HOST = "$(BUILT_PRODUCTS_DIR)/TOTP.app/$(BUNDLE_EXECUTABLE_FOLDER_PATH)/TOTP";
				XROS_DEPLOYMENT_TARGET = 27.0;
			};
			name = Debug;
		};
		1F9FFE7F2D77729700D81249 /* Release */ = {
			isa = XCBuildConfiguration;
			buildSettings = {
				BUNDLE_LOADER = "$(TEST_HOST)";
				CODE_SIGN_STYLE = Automatic;
				CURRENT_PROJECT_VERSION = 1;
				DEAD_CODE_STRIPPING = YES;
				GENERATE_INFOPLIST_FILE = YES;
				IPHONEOS_DEPLOYMENT_TARGET = 27.0;
				MACOSX_DEPLOYMENT_TARGET = 27.0;
				MARKETING_VERSION = 1.0;
				PRODUCT_BUNDLE_IDENTIFIER = com.lucferbux.TOTPTests;
				PRODUCT_NAME = "$(TARGET_NAME)";
				SDKROOT = auto;
				SUPPORTED_PLATFORMS = "iphoneos iphonesimulator macosx xros xrsimulator";
				SWIFT_EMIT_LOC_STRINGS = NO;
				SWIFT_VERSION = 5.0;
				TARGETED_DEVICE_FAMILY = "1,2,7";
				TEST_HOST = "$(BUILT_PRODUCTS_DIR)/TOTP.app/$(BUNDLE_EXECUTABLE_FOLDER_PATH)/TOTP";
				XROS_DEPLOYMENT_TARGET = 27.0;
			};
			name = Release;
		};
		1F9FFE812D77729700D81249 /* Debug */ = {
			isa = XCBuildConfiguration;
			buildSettings = {
				CODE_SIGN_STYLE = Automatic;
				CURRENT_PROJECT_VERSION = 1;
				DEAD_CODE_STRIPPING = YES;
				GENERATE_INFOPLIST_FILE = YES;
				IPHONEOS_DEPLOYMENT_TARGET = 27.0;
				MACOSX_DEPLOYMENT_TARGET = 27.0;
				MARKETING_VERSION = 1.0;
				PRODUCT_BUNDLE_IDENTIFIER = com.lucferbux.TOTPUITests;
				PRODUCT_NAME = "$(TARGET_NAME)";
				SDKROOT = auto;
				SUPPORTED_PLATFORMS = "iphoneos iphonesimulator macosx xros xrsimulator";
				SWIFT_EMIT_LOC_STRINGS = NO;
				SWIFT_VERSION = 5.0;
				TARGETED_DEVICE_FAMILY = "1,2,7";
				TEST_TARGET_NAME = TOTP;
				XROS_DEPLOYMENT_TARGET = 27.0;
			};
			name = Debug;
		};
		1F9FFE822D77729700D81249 /* Release */ = {
			isa = XCBuildConfiguration;
			buildSettings = {
				CODE_SIGN_STYLE = Automatic;
				CURRENT_PROJECT_VERSION = 1;
				DEAD_CODE_STRIPPING = YES;
				GENERATE_INFOPLIST_FILE = YES;
				IPHONEOS_DEPLOYMENT_TARGET = 27.0;
				MACOSX_DEPLOYMENT_TARGET = 27.0;
				MARKETING_VERSION = 1.0;
				PRODUCT_BUNDLE_IDENTIFIER = com.lucferbux.TOTPUITests;
				PRODUCT_NAME = "$(TARGET_NAME)";
				SDKROOT = auto;
				SUPPORTED_PLATFORMS = "iphoneos iphonesimulator macosx xros xrsimulator";
				SWIFT_EMIT_LOC_STRINGS = NO;
				SWIFT_VERSION = 5.0;
				TARGETED_DEVICE_FAMILY = "1,2,7";
				TEST_TARGET_NAME = TOTP;
				XROS_DEPLOYMENT_TARGET = 27.0;
			};
			name = Release;
		};
		1F9FFEB62D77757800D81249 /* Debug */ = {
			isa = XCBuildConfiguration;
			buildSettings = {
				ASSETCATALOG_COMPILER_GLOBAL_ACCENT_COLOR_NAME = AccentColor;
				ASSETCATALOG_COMPILER_WIDGET_BACKGROUND_COLOR_NAME = WidgetBackground;
				CODE_SIGN_ENTITLEMENTS = "TOTP WidgetExtension.entitlements";
				CODE_SIGN_STYLE = Automatic;
				CURRENT_PROJECT_VERSION = 8;
				DEAD_CODE_STRIPPING = YES;
				GENERATE_INFOPLIST_FILE = YES;
				INFOPLIST_FILE = "TOTP Widget/Info.plist";
				INFOPLIST_KEY_CFBundleDisplayName = "TOTP Widget";
				INFOPLIST_KEY_NSHumanReadableCopyright = "";
				IPHONEOS_DEPLOYMENT_TARGET = 27.0;
				LD_RUNPATH_SEARCH_PATHS = (
					"$(inherited)",
					"@executable_path/Frameworks",
					"@executable_path/../../Frameworks",
				);
				"LD_RUNPATH_SEARCH_PATHS[sdk=macosx*]" = (
					"$(inherited)",
					"@executable_path/../Frameworks",
				);
				MACOSX_DEPLOYMENT_TARGET = 27.0;
				MARKETING_VERSION = 4.2;
				PRODUCT_BUNDLE_IDENTIFIER = "com.lucferbux.TOTP.TOTP-Widget";
				PRODUCT_NAME = "$(TARGET_NAME)";
				REGISTER_APP_GROUPS = YES;
				SDKROOT = auto;
				SKIP_INSTALL = YES;
				SUPPORTED_PLATFORMS = "iphoneos iphonesimulator macosx xros xrsimulator";
				SWIFT_EMIT_LOC_STRINGS = YES;
				SWIFT_VERSION = 5.0;
				TARGETED_DEVICE_FAMILY = "1,2,7";
				XROS_DEPLOYMENT_TARGET = 27.0;
			};
			name = Debug;
		};
		1F9FFEB72D77757800D81249 /* Release */ = {
			isa = XCBuildConfiguration;
			buildSettings = {
				ASSETCATALOG_COMPILER_GLOBAL_ACCENT_COLOR_NAME = AccentColor;
				ASSETCATALOG_COMPILER_WIDGET_BACKGROUND_COLOR_NAME = WidgetBackground;
				CODE_SIGN_ENTITLEMENTS = "TOTP WidgetExtension.entitlements";
				CODE_SIGN_STYLE = Automatic;
				CURRENT_PROJECT_VERSION = 8;
				DEAD_CODE_STRIPPING = YES;
				GENERATE_INFOPLIST_FILE = YES;
				INFOPLIST_FILE = "TOTP Widget/Info.plist";
				INFOPLIST_KEY_CFBundleDisplayName = "TOTP Widget";
				INFOPLIST_KEY_NSHumanReadableCopyright = "";
				IPHONEOS_DEPLOYMENT_TARGET = 27.0;
				LD_RUNPATH_SEARCH_PATHS = (
					"$(inherited)",
					"@executable_path/Frameworks",
					"@executable_path/../../Frameworks",
				);
				"LD_RUNPATH_SEARCH_PATHS[sdk=macosx*]" = (
					"$(inherited)",
					"@executable_path/../Frameworks",
				);
				MACOSX_DEPLOYMENT_TARGET = 27.0;
				MARKETING_VERSION = 4.2;
				PRODUCT_BUNDLE_IDENTIFIER = "com.lucferbux.TOTP.TOTP-Widget";
				PRODUCT_NAME = "$(TARGET_NAME)";
				REGISTER_APP_GROUPS = YES;
				SDKROOT = auto;
				SKIP_INSTALL = YES;
				SUPPORTED_PLATFORMS = "iphoneos iphonesimulator macosx xros xrsimulator";
				SWIFT_EMIT_LOC_STRINGS = YES;
				SWIFT_VERSION = 5.0;
				TARGETED_DEVICE_FAMILY = "1,2,7";
				VALIDATE_PRODUCT = YES;
				XROS_DEPLOYMENT_TARGET = 27.0;
			};
			name = Release;
		};
/* End XCBuildConfiguration section */

/* Begin XCConfigurationList section */
		1F2B6E0B2F00232D004402DE /* Build configuration list for PBXNativeTarget "TOTP Autofill" */ = {
			isa = XCConfigurationList;
			buildConfigurations = (
				1F2B6E0C2F00232D004402DE /* Debug */,
				1F2B6E0D2F00232D004402DE /* Release */,
			);
			defaultConfigurationIsVisible = 0;
			defaultConfigurationName = Release;
		};
		1F9FFE502D77729500D81249 /* Build configuration list for PBXProject "TOTP" */ = {
			isa = XCConfigurationList;
			buildConfigurations = (
				1F9FFE782D77729700D81249 /* Debug */,
				1F9FFE792D77729700D81249 /* Release */,
			);
			defaultConfigurationIsVisible = 0;
			defaultConfigurationName = Release;
		};
		1F9FFE7A2D77729700D81249 /* Build configuration list for PBXNativeTarget "TOTP" */ = {
			isa = XCConfigurationList;
			buildConfigurations = (
				1F9FFE7B2D77729700D81249 /* Debug */,
				1F9FFE7C2D77729700D81249 /* Release */,
			);
			defaultConfigurationIsVisible = 0;
			defaultConfigurationName = Release;
		};
		1F9FFE7D2D77729700D81249 /* Build configuration list for PBXNativeTarget "TOTPTests" */ = {
			isa = XCConfigurationList;
			buildConfigurations = (
				1F9FFE7E2D77729700D81249 /* Debug */,
				1F9FFE7F2D77729700D81249 /* Release */,
			);
			defaultConfigurationIsVisible = 0;
			defaultConfigurationName = Release;
		};
		1F9FFE802D77729700D81249 /* Build configuration list for PBXNativeTarget "TOTPUITests" */ = {
			isa = XCConfigurationList;
			buildConfigurations = (
				1F9FFE812D77729700D81249 /* Debug */,
				1F9FFE822D77729700D81249 /* Release */,
			);
			defaultConfigurationIsVisible = 0;
			defaultConfigurationName = Release;
		};
		1F9FFEB52D77757800D81249 /* Build configuration list for PBXNativeTarget "TOTP WidgetExtension" */ = {
			isa = XCConfigurationList;
			buildConfigurations = (
				1F9FFEB62D77757800D81249 /* Debug */,
				1F9FFEB72D77757800D81249 /* Release */,
			);
			defaultConfigurationIsVisible = 0;
			defaultConfigurationName = Release;
		};
/* End XCConfigurationList section */
	};
	rootObject = 1F9FFE4D2D77729500D81249 /* Project object */;
}
